
Microsoft Visual Studio Solution File, Format Version 12.00
# Visual Studio Version 17
VisualStudioVersion = 17.3.32922.545
MinimumVisualStudioVersion = 10.0.40219.1
Project("{9A19103F-16F7-4668-BE54-9A1E7A4F7556}") = "GraphQL-POC", "GraphQL-POC\GraphQL-POC.csproj", "{C1310441-D56F-43E4-BAD3-65A368D4D93F}"
EndProject
Project("{2150E333-8FDC-42A3-9474-1A3956D46DE8}") = "Solution Items", "Solution Items", "{12739AA1-06BE-49DB-A227-6BFA4FDE4DE6}"
	ProjectSection(SolutionItems) = preProject
		.editorconfig = .editorconfig
		.gitattributes = .gitattributes
		.gitignore = .gitignore
		LICENSE.txt = LICENSE.txt
		README.md = README.md
	EndProjectSection
EndProject
Project("{FAE04EC0-301F-11D3-BF4B-00C04F79EFBC}") = "GraphQL.Client", "GraphQL.Client\GraphQL.Client.csproj", "{5BA86792-ADD3-42C1-B617-80E150F7593E}"
EndProject
Global
	GlobalSection(SolutionConfigurationPlatforms) = preSolution
		Debug|Any CPU = Debug|Any CPU
		Release|Any CPU = Release|Any CPU
	EndGlobalSection
	GlobalSection(ProjectConfigurationPlatforms) = postSolution
		{C1310441-D56F-43E4-BAD3-65A368D4D93F}.Debug|Any CPU.ActiveCfg = Debug|Any CPU
		{C1310441-D56F-43E4-BAD3-65A368D4D93F}.Debug|Any CPU.Build.0 = Debug|Any CPU
		{C1310441-D56F-43E4-BAD3-65A368D4D93F}.Release|Any CPU.ActiveCfg = Release|Any CPU
		{C1310441-D56F-43E4-BAD3-65A368D4D93F}.Release|Any CPU.Build.0 = Release|Any CPU
		{5BA86792-ADD3-42C1-B617-80E150F7593E}.Debug|Any CPU.ActiveCfg = Debug|Any CPU
		{5BA86792-ADD3-42C1-B617-80E150F7593E}.Debug|Any CPU.Build.0 = Debug|Any CPU
		{5BA86792-ADD3-42C1-B617-80E150F7593E}.Release|Any CPU.ActiveCfg = Release|Any CPU
		{5BA86792-ADD3-42C1-B617-80E150F7593E}.Release|Any CPU.Build.0 = Release|Any CPU
	EndGlobalSection
	GlobalSection(SolutionProperties) = preSolution
		HideSolutionNode = FALSE
	EndGlobalSection
	GlobalSection(ExtensibilityGlobals) = postSolution
		SolutionGuid = {5A0BA0A5-CE82-460C-8027-9BA48095DC3A}
	EndGlobalSection
EndGlobal
